
Microsoft Visual Studio Solution File, Format Version 12.00
Project("{FAE04EC0-301F-11D3-BF4B-00C04F79EFBC}") = "SampleTestProject", "SampleTestProject\SampleTestProject.csproj", "{90C2B95D-09CC-4F17-B12D-727EAE965C01}"
EndProject
Global
	GlobalSection(SolutionConfigurationPlatforms) = preSolution
		Debug|Any CPU = Debug|Any CPU
		Release|Any CPU = Release|Any CPU
	EndGlobalSection
	GlobalSection(ProjectConfigurationPlatforms) = postSolution
		{90C2B95D-09CC-4F17-B12D-727EAE965C01}.Debug|Any CPU.ActiveCfg = Debug|Any CPU
		{90C2B95D-09CC-4F17-B12D-727EAE965C01}.Debug|Any CPU.Build.0 = Debug|Any CPU
		{90C2B95D-09CC-4F17-B12D-727EAE965C01}.Release|Any CPU.ActiveCfg = Release|Any CPU
		{90C2B95D-09CC-4F17-B12D-727EAE965C01}.Release|Any CPU.Build.0 = Release|Any CPU
	EndGlobalSection
EndGlobal
